<?xml version="1.0" encoding="utf-8"?>
<Project ToolsVersion="4.0" xmlns="http://schemas.microsoft.com/developer/msbuild/2003">
  <ItemGroup>
    <Filter Include="win32">
      <UniqueIdentifier>{84a8ebd7-7cf0-47f6-b75e-d441df67da40}</UniqueIdentifier>
    </Filter>
    <Filter Include="Classes">
      <UniqueIdentifier>{bb6c862e-70e9-49d9-81b7-3829a6f50471}</UniqueIdentifier>
    </Filter>
    <Filter Include="Classes\Units">
      <UniqueIdentifier>{6b91a643-ee58-44d6-9822-b48f1359d7bd}</UniqueIdentifier>
    </Filter>
    <Filter Include="Classes\Layers">
      <UniqueIdentifier>{39a55ec2-62e5-4c02-9320-085e7d9d59cf}</UniqueIdentifier>
    </Filter>
    <Filter Include="Classes\Weapons">
      <UniqueIdentifier>{5223e902-e873-43ee-94cd-3282d88d90e5}</UniqueIdentifier>
    </Filter>
    <Filter Include="Classes\Weapons\Bullets">
      <UniqueIdentifier>{81a0cc6a-ccf9-4050-842e-b11f5e0aa358}</UniqueIdentifier>
    </Filter>
  </ItemGroup>
  <ItemGroup>
    <ClCompile Include="main.cpp">
      <Filter>win32</Filter>
    </ClCompile>
    <ClCompile Include="..\Classes\AppDelegate.cpp">
      <Filter>Classes</Filter>
    </ClCompile>
    <ClCompile Include="..\Classes\GameScene.cpp">
      <Filter>Classes</Filter>
    </ClCompile>
    <ClCompile Include="..\Classes\Layers\BackgroundLayer.cpp">
      <Filter>Classes\Layers</Filter>
    </ClCompile>
    <ClCompile Include="..\Classes\Units\Plane.cpp">
      <Filter>Classes\Units</Filter>
    </ClCompile>
    <ClCompile Include="..\Classes\Weapons\Weapon.cpp">
      <Filter>Classes\Weapons</Filter>
    </ClCompile>
    <ClCompile Include="..\Classes\Game.cpp">
      <Filter>Classes</Filter>
    </ClCompile>
    <ClCompile Include="..\Classes\Layers\GameLayer.cpp">
      <Filter>Classes\Layers</Filter>
    </ClCompile>
    <ClCompile Include="..\Classes\Weapons\Bullets\Bullet.cpp">
      <Filter>Classes\Weapons\Bullets</Filter>
    </ClCompile>
    <ClCompile Include="..\Classes\Units\Enemy.cpp">
      <Filter>Classes\Units</Filter>
    </ClCompile>
    <ClCompile Include="..\Classes\Units\PlaneFactory.cpp">
      <Filter>Classes\Units</Filter>
    </ClCompile>
    <ClCompile Include="..\Classes\Weapons\Cannon.cpp">
      <Filter>Classes\Weapons</Filter>
    </ClCompile>
    <ClCompile Include="..\Classes\Units\Enginefire.cpp">
      <Filter>Classes\Units</Filter>
    </ClCompile>
  </ItemGroup>
  <ItemGroup>
    <ClInclude Include="main.h">
      <Filter>win32</Filter>
    </ClInclude>
    <ClInclude Include="..\Classes\AppDelegate.h">
      <Filter>Classes</Filter>
    </ClInclude>
    <ClInclude Include="..\Classes\GameScene.h">
      <Filter>Classes</Filter>
    </ClInclude>
    <ClInclude Include="..\Classes\Layers\BackgroundLayer.h">
      <Filter>Classes\Layers</Filter>
    </ClInclude>
    <ClInclude Include="..\Classes\Units\Plane.h">
      <Filter>Classes\Units</Filter>
    </ClInclude>
    <ClInclude Include="..\Classes\Weapons\Weapon.h">
      <Filter>Classes\Weapons</Filter>
    </ClInclude>
    <ClInclude Include="..\Classes\Game.h">
      <Filter>Classes</Filter>
    </ClInclude>
    <ClInclude Include="..\Classes\Layers\GameLayer.h">
      <Filter>Classes\Layers</Filter>
    </ClInclude>
    <ClInclude Include="..\Classes\Weapons\Bullets\Bullet.h">
      <Filter>Classes\Weapons\Bullets</Filter>
    </ClInclude>
    <ClInclude Include="..\Classes\Units\Enemy.h">
      <Filter>Classes\Units</Filter>
    </ClInclude>
    <ClInclude Include="..\Classes\Units\PlaneFactory.h">
      <Filter>Classes\Units</Filter>
    </ClInclude>
    <ClInclude Include="..\Classes\Weapons\Cannon.h">
      <Filter>Classes\Weapons</Filter>
    </ClInclude>
    <ClInclude Include="..\Classes\Units\Enginefire.h">
      <Filter>Classes\Units</Filter>
    </ClInclude>
  </ItemGroup>
</Project>